
Microsoft Visual Studio Solution File, Format Version 12.00
# Visual Studio Version 16
VisualStudioVersion = 16.0.30309.148
MinimumVisualStudioVersion = 10.0.40219.1
Project("{9A19103F-16F7-4668-BE54-9A1E7A4F7556}") = "AspNetCoreRateLimit.MongoExtensions", ".\AspNetCoreRateLimit.MongoExtensions.csproj", "{0EC83879-CC04-4C52-9598-C73E0DA94E8D}"
EndProject
Global
	GlobalSection(SolutionConfigurationPlatforms) = preSolution
		Debug|Any CPU = Debug|Any CPU
		Release|Any CPU = Release|Any CPU
	EndGlobalSection
	GlobalSection(ProjectConfigurationPlatforms) = postSolution
		{C0340854-C6B1-489F-B5F6-E53F5AB1D216}.Debug|Any CPU.ActiveCfg = Debug|Any CPU
		{C0340854-C6B1-489F-B5F6-E53F5AB1D216}.Debug|Any CPU.Build.0 = Debug|Any CPU
		{C0340854-C6B1-489F-B5F6-E53F5AB1D216}.Release|Any CPU.ActiveCfg = Release|Any CPU
		{C0340854-C6B1-489F-B5F6-E53F5AB1D216}.Release|Any CPU.Build.0 = Release|Any CPU
		{0EC83879-CC04-4C52-9598-C73E0DA94E8D}.Debug|Any CPU.ActiveCfg = Debug|Any CPU
		{0EC83879-CC04-4C52-9598-C73E0DA94E8D}.Debug|Any CPU.Build.0 = Debug|Any CPU
		{0EC83879-CC04-4C52-9598-C73E0DA94E8D}.Release|Any CPU.ActiveCfg = Release|Any CPU
		{0EC83879-CC04-4C52-9598-C73E0DA94E8D}.Release|Any CPU.Build.0 = Release|Any CPU
		{54971702-432A-4D89-B551-2EE2E1B0B372}.Debug|Any CPU.ActiveCfg = Debug|Any CPU
		{54971702-432A-4D89-B551-2EE2E1B0B372}.Debug|Any CPU.Build.0 = Debug|Any CPU
		{54971702-432A-4D89-B551-2EE2E1B0B372}.Release|Any CPU.ActiveCfg = Release|Any CPU
		{54971702-432A-4D89-B551-2EE2E1B0B372}.Release|Any CPU.Build.0 = Release|Any CPU
		{82D5FA1F-A5F4-4174-9525-BD39232BCD61}.Debug|Any CPU.ActiveCfg = Debug|Any CPU
		{82D5FA1F-A5F4-4174-9525-BD39232BCD61}.Debug|Any CPU.Build.0 = Debug|Any CPU
		{82D5FA1F-A5F4-4174-9525-BD39232BCD61}.Release|Any CPU.ActiveCfg = Release|Any CPU
		{82D5FA1F-A5F4-4174-9525-BD39232BCD61}.Release|Any CPU.Build.0 = Release|Any CPU
		{858D92A1-13FE-40BB-838D-1F68A406F380}.Debug|Any CPU.ActiveCfg = Debug|Any CPU
		{858D92A1-13FE-40BB-838D-1F68A406F380}.Debug|Any CPU.Build.0 = Debug|Any CPU
		{858D92A1-13FE-40BB-838D-1F68A406F380}.Release|Any CPU.ActiveCfg = Release|Any CPU
		{858D92A1-13FE-40BB-838D-1F68A406F380}.Release|Any CPU.Build.0 = Release|Any CPU
		{F27D2AE7-17E8-4080-B62C-9E1CD0063B6A}.Debug|Any CPU.ActiveCfg = Debug|Any CPU
		{F27D2AE7-17E8-4080-B62C-9E1CD0063B6A}.Debug|Any CPU.Build.0 = Debug|Any CPU
		{F27D2AE7-17E8-4080-B62C-9E1CD0063B6A}.Release|Any CPU.ActiveCfg = Release|Any CPU
		{F27D2AE7-17E8-4080-B62C-9E1CD0063B6A}.Release|Any CPU.Build.0 = Release|Any CPU
		{70926D5C-C513-413A-86C8-C63C8590AE7D}.Debug|Any CPU.ActiveCfg = Debug|Any CPU
		{70926D5C-C513-413A-86C8-C63C8590AE7D}.Debug|Any CPU.Build.0 = Debug|Any CPU
		{70926D5C-C513-413A-86C8-C63C8590AE7D}.Release|Any CPU.ActiveCfg = Release|Any CPU
		{70926D5C-C513-413A-86C8-C63C8590AE7D}.Release|Any CPU.Build.0 = Release|Any CPU
		{7A7287CD-AA0A-4F9C-9DDB-20511BA3FC23}.Debug|Any CPU.ActiveCfg = Debug|Any CPU
		{7A7287CD-AA0A-4F9C-9DDB-20511BA3FC23}.Debug|Any CPU.Build.0 = Debug|Any CPU
		{7A7287CD-AA0A-4F9C-9DDB-20511BA3FC23}.Release|Any CPU.ActiveCfg = Release|Any CPU
		{7A7287CD-AA0A-4F9C-9DDB-20511BA3FC23}.Release|Any CPU.Build.0 = Release|Any CPU
		{22B6310F-F2E8-4B4E-BA6A-819B46C767AD}.Debug|Any CPU.ActiveCfg = Debug|Any CPU
		{22B6310F-F2E8-4B4E-BA6A-819B46C767AD}.Debug|Any CPU.Build.0 = Debug|Any CPU
		{22B6310F-F2E8-4B4E-BA6A-819B46C767AD}.Release|Any CPU.ActiveCfg = Release|Any CPU
		{22B6310F-F2E8-4B4E-BA6A-819B46C767AD}.Release|Any CPU.Build.0 = Release|Any CPU
		{077045FE-5341-443E-B2E9-13A0D0512862}.Debug|Any CPU.ActiveCfg = Debug|Any CPU
		{077045FE-5341-443E-B2E9-13A0D0512862}.Debug|Any CPU.Build.0 = Debug|Any CPU
		{077045FE-5341-443E-B2E9-13A0D0512862}.Release|Any CPU.ActiveCfg = Release|Any CPU
		{077045FE-5341-443E-B2E9-13A0D0512862}.Release|Any CPU.Build.0 = Release|Any CPU
		{1EAFC5F7-C658-41FF-B059-C20A1A6B272D}.Debug|Any CPU.ActiveCfg = Debug|Any CPU
		{1EAFC5F7-C658-41FF-B059-C20A1A6B272D}.Debug|Any CPU.Build.0 = Debug|Any CPU
		{1EAFC5F7-C658-41FF-B059-C20A1A6B272D}.Release|Any CPU.ActiveCfg = Release|Any CPU
		{1EAFC5F7-C658-41FF-B059-C20A1A6B272D}.Release|Any CPU.Build.0 = Release|Any CPU
		{CDD5E3C1-0C55-4B1C-B364-8B999DB65191}.Debug|Any CPU.ActiveCfg = Debug|Any CPU
		{CDD5E3C1-0C55-4B1C-B364-8B999DB65191}.Debug|Any CPU.Build.0 = Debug|Any CPU
		{CDD5E3C1-0C55-4B1C-B364-8B999DB65191}.Release|Any CPU.ActiveCfg = Release|Any CPU
		{CDD5E3C1-0C55-4B1C-B364-8B999DB65191}.Release|Any CPU.Build.0 = Release|Any CPU
		{04F2CC89-B0C4-463E-8C25-A955B147DADD}.Debug|Any CPU.ActiveCfg = Debug|Any CPU
		{04F2CC89-B0C4-463E-8C25-A955B147DADD}.Debug|Any CPU.Build.0 = Debug|Any CPU
		{04F2CC89-B0C4-463E-8C25-A955B147DADD}.Release|Any CPU.ActiveCfg = Release|Any CPU
		{04F2CC89-B0C4-463E-8C25-A955B147DADD}.Release|Any CPU.Build.0 = Release|Any CPU
		{4E62E62C-AE39-4F3A-A2E3-1E9A5D37AC73}.Debug|Any CPU.ActiveCfg = Debug|Any CPU
		{4E62E62C-AE39-4F3A-A2E3-1E9A5D37AC73}.Debug|Any CPU.Build.0 = Debug|Any CPU
		{4E62E62C-AE39-4F3A-A2E3-1E9A5D37AC73}.Release|Any CPU.ActiveCfg = Release|Any CPU
		{4E62E62C-AE39-4F3A-A2E3-1E9A5D37AC73}.Release|Any CPU.Build.0 = Release|Any CPU
		{F156FCDF-42D2-49B9-B43E-338DAD56A4EE}.Debug|Any CPU.ActiveCfg = Debug|Any CPU
		{F156FCDF-42D2-49B9-B43E-338DAD56A4EE}.Debug|Any CPU.Build.0 = Debug|Any CPU
		{F156FCDF-42D2-49B9-B43E-338DAD56A4EE}.Release|Any CPU.ActiveCfg = Release|Any CPU
		{F156FCDF-42D2-49B9-B43E-338DAD56A4EE}.Release|Any CPU.Build.0 = Release|Any CPU
		{E0DC3F52-927E-4212-9372-A60C55021EAA}.Debug|Any CPU.ActiveCfg = Debug|Any CPU
		{E0DC3F52-927E-4212-9372-A60C55021EAA}.Debug|Any CPU.Build.0 = Debug|Any CPU
		{E0DC3F52-927E-4212-9372-A60C55021EAA}.Release|Any CPU.ActiveCfg = Release|Any CPU
		{E0DC3F52-927E-4212-9372-A60C55021EAA}.Release|Any CPU.Build.0 = Release|Any CPU
		{E4A717B9-24FB-492C-89A7-6CB92042AE75}.Debug|Any CPU.ActiveCfg = Debug|Any CPU
		{E4A717B9-24FB-492C-89A7-6CB92042AE75}.Debug|Any CPU.Build.0 = Debug|Any CPU
		{E4A717B9-24FB-492C-89A7-6CB92042AE75}.Release|Any CPU.ActiveCfg = Release|Any CPU
		{E4A717B9-24FB-492C-89A7-6CB92042AE75}.Release|Any CPU.Build.0 = Release|Any CPU
		{C99AC5AE-B908-48B7-B5B1-9CDFFA8A89D8}.Debug|Any CPU.ActiveCfg = Debug|Any CPU
		{C99AC5AE-B908-48B7-B5B1-9CDFFA8A89D8}.Debug|Any CPU.Build.0 = Debug|Any CPU
		{C99AC5AE-B908-48B7-B5B1-9CDFFA8A89D8}.Release|Any CPU.ActiveCfg = Release|Any CPU
		{C99AC5AE-B908-48B7-B5B1-9CDFFA8A89D8}.Release|Any CPU.Build.0 = Release|Any CPU
		{AD6B3F8C-50A3-48EE-AF1E-867C0867D974}.Debug|Any CPU.ActiveCfg = Debug|Any CPU
		{AD6B3F8C-50A3-48EE-AF1E-867C0867D974}.Debug|Any CPU.Build.0 = Debug|Any CPU
		{AD6B3F8C-50A3-48EE-AF1E-867C0867D974}.Release|Any CPU.ActiveCfg = Release|Any CPU
		{AD6B3F8C-50A3-48EE-AF1E-867C0867D974}.Release|Any CPU.Build.0 = Release|Any CPU
		{0178CC16-212F-46D8-9B2E-4013ECC124D1}.Debug|Any CPU.ActiveCfg = Debug|Any CPU
		{0178CC16-212F-46D8-9B2E-4013ECC124D1}.Debug|Any CPU.Build.0 = Debug|Any CPU
		{0178CC16-212F-46D8-9B2E-4013ECC124D1}.Release|Any CPU.ActiveCfg = Release|Any CPU
		{0178CC16-212F-46D8-9B2E-4013ECC124D1}.Release|Any CPU.Build.0 = Release|Any CPU
		{21B7AB0B-378C-4470-86F6-CB0B3C19124A}.Debug|Any CPU.ActiveCfg = Debug|Any CPU
		{21B7AB0B-378C-4470-86F6-CB0B3C19124A}.Debug|Any CPU.Build.0 = Debug|Any CPU
		{21B7AB0B-378C-4470-86F6-CB0B3C19124A}.Release|Any CPU.ActiveCfg = Release|Any CPU
		{21B7AB0B-378C-4470-86F6-CB0B3C19124A}.Release|Any CPU.Build.0 = Release|Any CPU
		{5E6E2E21-344A-4D81-A203-FA0ABFFE14E4}.Debug|Any CPU.ActiveCfg = Debug|Any CPU
		{5E6E2E21-344A-4D81-A203-FA0ABFFE14E4}.Debug|Any CPU.Build.0 = Debug|Any CPU
		{5E6E2E21-344A-4D81-A203-FA0ABFFE14E4}.Release|Any CPU.ActiveCfg = Release|Any CPU
		{5E6E2E21-344A-4D81-A203-FA0ABFFE14E4}.Release|Any CPU.Build.0 = Release|Any CPU
		{620FDFCD-3D0B-4EDC-975F-7DCFD03CF21F}.Debug|Any CPU.ActiveCfg = Debug|Any CPU
		{620FDFCD-3D0B-4EDC-975F-7DCFD03CF21F}.Debug|Any CPU.Build.0 = Debug|Any CPU
		{620FDFCD-3D0B-4EDC-975F-7DCFD03CF21F}.Release|Any CPU.ActiveCfg = Release|Any CPU
		{620FDFCD-3D0B-4EDC-975F-7DCFD03CF21F}.Release|Any CPU.Build.0 = Release|Any CPU
		{19491E32-71AE-4E15-9BD6-6E3D84F60351}.Debug|Any CPU.ActiveCfg = Debug|Any CPU
		{19491E32-71AE-4E15-9BD6-6E3D84F60351}.Debug|Any CPU.Build.0 = Debug|Any CPU
		{19491E32-71AE-4E15-9BD6-6E3D84F60351}.Release|Any CPU.ActiveCfg = Release|Any CPU
		{19491E32-71AE-4E15-9BD6-6E3D84F60351}.Release|Any CPU.Build.0 = Release|Any CPU
		{49BC24EE-4808-4C9B-AB17-469131C1144F}.Debug|Any CPU.ActiveCfg = Debug|Any CPU
		{49BC24EE-4808-4C9B-AB17-469131C1144F}.Debug|Any CPU.Build.0 = Debug|Any CPU
		{49BC24EE-4808-4C9B-AB17-469131C1144F}.Release|Any CPU.ActiveCfg = Release|Any CPU
		{49BC24EE-4808-4C9B-AB17-469131C1144F}.Release|Any CPU.Build.0 = Release|Any CPU
	EndGlobalSection
	GlobalSection(SolutionProperties) = preSolution
		HideSolutionNode = FALSE
	EndGlobalSection
	GlobalSection(ExtensibilityGlobals) = postSolution
		SolutionGuid = {EB176633-88A4-443E-BBB9-F4B622BC7702}
	EndGlobalSection
EndGlobal
